PODS:
  - Flutter (1.0.0)
  - flutter_inappwebview_ios (0.0.1):
    - Flutter
    - flutter_inappwebview_ios/Core (= 0.0.1)
    - OrderedSet (~> 6.0.3)
  - flutter_inappwebview_ios/Core (0.0.1):
    - Flutter
    - OrderedSet (~> 6.0.3)
  - flutter_secure_storage_darwin (10.0.0):
    - Flutter
    - FlutterMacOS
  - integration_test (0.0.1):
    - Flutter
  - ObjectBox (5.1.1)
  - objectbox_flutter_libs (0.0.1):
    - Flutter
    - ObjectBox (= 5.1.1)
  - OrderedSet (6.0.3)
  - path_provider_foundation (0.0.1):
    - Flutter
    - FlutterMacOS
  - sqflite_darwin (0.0.4):
    - Flutter
    - FlutterMacOS
  - workmanager (0.0.1):
    - Flutter

DEPENDENCIES:
  - Flutter (from `Flutter`)
  - flutter_inappwebview_ios (from `.symlinks/plugins/flutter_inappwebview_ios/ios`)
  - flutter_secure_storage_darwin (from `.symlinks/plugins/flutter_secure_storage_darwin/darwin`)
  - integration_test (from `.symlinks/plugins/integration_test/ios`)
  - objectbox_flutter_libs (from `.symlinks/plugins/objectbox_flutter_libs/ios`)
  - path_provider_foundation (from `.symlinks/plugins/path_provider_foundation/darwin`)
  - sqflite_darwin (from `.symlinks/plugins/sqflite_darwin/darwin`)
  - workmanager (from `.symlinks/plugins/workmanager/ios`)

SPEC REPOS:
  trunk:
    - ObjectBox
    - OrderedSet

EXTERNAL SOURCES:
  Flutter:
    :path: Flutter
  flutter_inappwebview_ios:
    :path: ".symlinks/plugins/flutter_inappwebview_ios/ios"
  flutter_secure_storage_darwin:
    :path: ".symlinks/plugins/flutter_secure_storage_darwin/darwin"
  integration_test:
    :path: ".symlinks/plugins/integration_test/ios"
  objectbox_flutter_libs:
    :path: ".symlinks/plugins/objectbox_flutter_libs/ios"
  path_provider_foundation:
    :path: ".symlinks/plugins/path_provider_foundation/darwin"
  sqflite_darwin:
    :path: ".symlinks/plugins/sqflite_darwin/darwin"
  workmanager:
    :path: ".symlinks/plugins/workmanager/ios"

SPEC CHECKSUMS:
  Flutter: e0871f40cf51350855a761d2e70bf5af5b9b5de7
  flutter_inappwebview_ios: 6f63631e2c62a7c350263b13fa5427aedefe81d4
  flutter_secure_storage_darwin: 557817588b80e60213cbecb573c45c76b788018d
  integration_test: 252f60fa39af5e17c3aa9899d35d908a0721b573
  ObjectBox: 26871f7cce80a8bd2e610bf944aeaded730f6925
  objectbox_flutter_libs: 7d74f519c4385e7404f8a024074f7175f00a4945
  OrderedSet: e539b66b644ff081c73a262d24ad552a69be3a94
  path_provider_foundation: 2b6b4c569c0fb62ec74538f866245ac84301af46
  sqflite_darwin: 5a7236e3b501866c1c9befc6771dfd73ffb8702d
  workmanager: 0afdcf5628bbde6924c21af7836fed07b42e30e6

PODFILE CHECKSUM: 53a6aebc29ccee84c41f92f409fc20cd4ca011f1

COCOAPODS: 1.14.3
